
Microsoft Visual Studio Solution File, Format Version 12.00
# Visual Studio Version 16
VisualStudioVersion = 16.0.32630.194
MinimumVisualStudioVersion = 10.0.40219.1
Project("{FAE04EC0-301F-11D3-BF4B-00C04F79EFBC}") = "Proyecto", "Proyecto\Proyecto.csproj", "{CF49A8D2-59D8-4D64-9AA0-3214D0E66FA1}"
EndProject
Global
	GlobalSection(SolutionConfigurationPlatforms) = preSolution
		Debug|Any CPU = Debug|Any CPU
		Release|Any CPU = Release|Any CPU
	EndGlobalSection
	GlobalSection(ProjectConfigurationPlatforms) = postSolution
		{CF49A8D2-59D8-4D64-9AA0-3214D0E66FA1}.Debug|Any CPU.ActiveCfg = Debug|Any CPU
		{CF49A8D2-59D8-4D64-9AA0-3214D0E66FA1}.Debug|Any CPU.Build.0 = Debug|Any CPU
		{CF49A8D2-59D8-4D64-9AA0-3214D0E66FA1}.Release|Any CPU.ActiveCfg = Release|Any CPU
		{CF49A8D2-59D8-4D64-9AA0-3214D0E66FA1}.Release|Any CPU.Build.0 = Release|Any CPU
	EndGlobalSection
	GlobalSection(SolutionProperties) = preSolution
		HideSolutionNode = FALSE
	EndGlobalSection
	GlobalSection(ExtensibilityGlobals) = postSolution
		SolutionGuid = {399F7235-2934-4649-BCBA-E3A4E6B67BE2}
	EndGlobalSection
EndGlobal
